
Microsoft Visual Studio Solution File, Format Version 12.00
# Visual Studio Version 17
VisualStudioVersion = 17.3.32929.385
MinimumVisualStudioVersion = 10.0.40219.1
Project("{FAE04EC0-301F-11D3-BF4B-00C04F79EFBC}") = "Pokemon", "WinFormsApp1\Pokemon.csproj", "{1E0943D0-B09E-43E0-8B93-B065F82EA43C}"
EndProject
Global
	GlobalSection(SolutionConfigurationPlatforms) = preSolution
		Debug|Any CPU = Debug|Any CPU
		Release|Any CPU = Release|Any CPU
	EndGlobalSection
	GlobalSection(ProjectConfigurationPlatforms) = postSolution
		{1E0943D0-B09E-43E0-8B93-B065F82EA43C}.Debug|Any CPU.ActiveCfg = Debug|Any CPU
		{1E0943D0-B09E-43E0-8B93-B065F82EA43C}.Debug|Any CPU.Build.0 = Debug|Any CPU
		{1E0943D0-B09E-43E0-8B93-B065F82EA43C}.Release|Any CPU.ActiveCfg = Release|Any CPU
		{1E0943D0-B09E-43E0-8B93-B065F82EA43C}.Release|Any CPU.Build.0 = Release|Any CPU
	EndGlobalSection
	GlobalSection(SolutionProperties) = preSolution
		HideSolutionNode = FALSE
	EndGlobalSection
	GlobalSection(ExtensibilityGlobals) = postSolution
		SolutionGuid = {EB688EEB-A397-45BE-8408-54DE862D6E77}
	EndGlobalSection
EndGlobal
